{
  "nodes": {
    "dendrite": {
      "flake": false,
      "locked": {
        "lastModified": 1635779120,
        "narHash": "sha256-6P6eL5NDrmc1kMPCDoRdGYGljj90ibrlO+G/7akqmLM=",
        "owner": "matrix-org",
        "repo": "dendrite",
        "rev": "42973e7d65c218eb6771de4707e0aeaa707867fc",
        "type": "github"
      },
      "original": {
        "owner": "matrix-org",
        "repo": "dendrite",
        "type": "github"
      }
    },
    "flake-compat": {
      "flake": false,
      "locked": {
        "lastModified": 1627913399,
        "narHash": "sha256-hY8g6H2KFL8ownSiFeMOjwPC8P0ueXpCVEbxgda3pko=",
        "owner": "edolstra",
        "repo": "flake-compat",
        "rev": "12c64ca55c1014cdc1b16ed5a804aa8576601ff2",
        "type": "github"
      },
      "original": {
        "owner": "edolstra",
        "repo": "flake-compat",
        "type": "github"
      }
    },
    "flake-utils": {
      "locked": {
        "lastModified": 1634851050,
        "narHash": "sha256-N83GlSGPJJdcqhUxSCS/WwW5pksYf3VP1M13cDRTSVA=",
        "owner": "numtide",
        "repo": "flake-utils",
        "rev": "c91f3de5adaf1de973b797ef7485e441a65b8935",
        "type": "github"
      },
      "original": {
        "owner": "numtide",
        "repo": "flake-utils",
        "type": "github"
      }
    },
    "nixpkgs": {
      "locked": {
        "lastModified": 1635735275,
        "narHash": "sha256-C0WrxH70xFJMl+oznZrSPS3VwqWCyj1MVSTvpkb7ryQ=",
        "owner": "NixOS",
        "repo": "nixpkgs",
        "rev": "509d236edf0056d05547c776140fe7cfcf2305bd",
        "type": "github"
      },
      "original": {
        "id": "nixpkgs",
        "ref": "nixpkgs-unstable",
        "type": "indirect"
      }
    },
    "root": {
      "inputs": {
        "dendrite": "dendrite",
        "flake-compat": "flake-compat",
        "flake-utils": "flake-utils",
        "nixpkgs": "nixpkgs"
      }
    }
  },
  "root": "root",
  "version": 7
}
