{
  "nodes": {
    "dendrite": {
      "flake": false,
      "locked": {
        "lastModified": 1621858325,
        "narHash": "sha256-PqHnX/6RSiV7Ts5HepVHSh7vMhKmMuu32Xge7kd0Iuo=",
        "owner": "matrix-org",
        "repo": "dendrite",
        "rev": "a7f2845a6a97af0c1855eb3c8d81cb4ca348d176",
        "type": "github"
      },
      "original": {
        "owner": "matrix-org",
        "repo": "dendrite",
        "type": "github"
      }
    },
    "flake-utils": {
      "locked": {
        "lastModified": 1620759905,
        "narHash": "sha256-WiyWawrgmyN0EdmiHyG2V+fqReiVi8bM9cRdMaKQOFg=",
        "owner": "numtide",
        "repo": "flake-utils",
        "rev": "b543720b25df6ffdfcf9227afafc5b8c1fabfae8",
        "type": "github"
      },
      "original": {
        "owner": "numtide",
        "repo": "flake-utils",
        "type": "github"
      }
    },
    "nixpkgs": {
      "locked": {
        "lastModified": 1621878725,
        "narHash": "sha256-0bMWvLJKA+cDj6i9A9TL0cuRvvsGnro8Tk2Uid/R/RE=",
        "owner": "NixOS",
        "repo": "nixpkgs",
        "rev": "f0fa05742058fef85c49e132c2851940915698ef",
        "type": "github"
      },
      "original": {
        "id": "nixpkgs",
        "type": "indirect"
      }
    },
    "root": {
      "inputs": {
        "dendrite": "dendrite",
        "flake-utils": "flake-utils",
        "nixpkgs": "nixpkgs"
      }
    }
  },
  "root": "root",
  "version": 7
}
