{
  "nodes": {
    "dendrite": {
      "flake": false,
      "locked": {
        "lastModified": 1637572392,
        "narHash": "sha256-ndUXvKNu+uHCTPNCszY6d88Xzitl/qZMvptZHu17kC4=",
        "owner": "matrix-org",
        "repo": "dendrite",
        "rev": "6e93531e9412a16d39567e141c98b538a7e1e739",
        "type": "github"
      },
      "original": {
        "owner": "matrix-org",
        "repo": "dendrite",
        "type": "github"
      }
    },
    "flake-compat": {
      "flake": false,
      "locked": {
        "lastModified": 1627913399,
        "narHash": "sha256-hY8g6H2KFL8ownSiFeMOjwPC8P0ueXpCVEbxgda3pko=",
        "owner": "edolstra",
        "repo": "flake-compat",
        "rev": "12c64ca55c1014cdc1b16ed5a804aa8576601ff2",
        "type": "github"
      },
      "original": {
        "owner": "edolstra",
        "repo": "flake-compat",
        "type": "github"
      }
    },
    "flake-utils": {
      "locked": {
        "lastModified": 1637014545,
        "narHash": "sha256-26IZAc5yzlD9FlDT54io1oqG/bBoyka+FJk5guaX4x4=",
        "owner": "numtide",
        "repo": "flake-utils",
        "rev": "bba5dcc8e0b20ab664967ad83d24d64cb64ec4f4",
        "type": "github"
      },
      "original": {
        "owner": "numtide",
        "repo": "flake-utils",
        "type": "github"
      }
    },
    "nixpkgs": {
      "locked": {
        "lastModified": 1637563861,
        "narHash": "sha256-okLmCnO2ImmEIO399+tuOgafBdZzrWmMFETXlDoHZP4=",
        "owner": "NixOS",
        "repo": "nixpkgs",
        "rev": "511c798029b65eed130463fe5ca65533f7a2a6a5",
        "type": "github"
      },
      "original": {
        "id": "nixpkgs",
        "ref": "nixpkgs-unstable",
        "type": "indirect"
      }
    },
    "root": {
      "inputs": {
        "dendrite": "dendrite",
        "flake-compat": "flake-compat",
        "flake-utils": "flake-utils",
        "nixpkgs": "nixpkgs"
      }
    }
  },
  "root": "root",
  "version": 7
}
